
Microsoft Visual Studio Solution File, Format Version 11.00
# Visual Studio 2010
Project("{FAE04EC0-301F-11D3-BF4B-00C04F79EFBC}") = "UnityEngine.TestRunner", "UnityEngine.TestRunner.csproj", "{f33da24d-18bd-d795-457a-9f548f4b78a6}"
EndProject
Project("{FAE04EC0-301F-11D3-BF4B-00C04F79EFBC}") = "UnityEngine.UI", "UnityEngine.UI.csproj", "{4cf08ff7-b95e-26ac-4abf-528d5bf75b4b}"
EndProject
Project("{FAE04EC0-301F-11D3-BF4B-00C04F79EFBC}") = "Assembly-CSharp", "Assembly-CSharp.csproj", "{181b98b3-cc0d-fdfd-1912-b65963ee00d0}"
EndProject
Project("{FAE04EC0-301F-11D3-BF4B-00C04F79EFBC}") = "Unity.Timeline", "Unity.Timeline.csproj", "{37a92c07-07fd-ef26-b536-ba9b5d796b48}"
EndProject
Project("{FAE04EC0-301F-11D3-BF4B-00C04F79EFBC}") = "Unity.TextMeshPro", "Unity.TextMeshPro.csproj", "{c091622f-173d-a2c6-a35e-8d2ab4123b8f}"
EndProject
Project("{FAE04EC0-301F-11D3-BF4B-00C04F79EFBC}") = "ILRuntime", "ILRuntime.csproj", "{1eb5ac34-2d1a-c3a2-ee00-f141731a51e7}"
EndProject
Project("{FAE04EC0-301F-11D3-BF4B-00C04F79EFBC}") = "UnityEditor.TestRunner", "UnityEditor.TestRunner.csproj", "{6301e791-8b90-03a1-746b-2e6366bc2d14}"
EndProject
Project("{FAE04EC0-301F-11D3-BF4B-00C04F79EFBC}") = "Unity.PackageValidationSuite.Editor", "Unity.PackageValidationSuite.Editor.csproj", "{17a1ba6e-0387-d25a-f081-665e7fe04877}"
EndProject
Project("{FAE04EC0-301F-11D3-BF4B-00C04F79EFBC}") = "UnityEditor.UI", "UnityEditor.UI.csproj", "{d85fd672-71e8-2302-ee67-2963c446deae}"
EndProject
Project("{FAE04EC0-301F-11D3-BF4B-00C04F79EFBC}") = "Unity.Timeline.Editor", "Unity.Timeline.Editor.csproj", "{06b1ca4c-2971-cdb3-714b-3c13ef4288e4}"
EndProject
Project("{FAE04EC0-301F-11D3-BF4B-00C04F79EFBC}") = "Unity.VisualStudio.Editor", "Unity.VisualStudio.Editor.csproj", "{833ec846-45f5-b65a-fc39-bba8c0fb1874}"
EndProject
Project("{FAE04EC0-301F-11D3-BF4B-00C04F79EFBC}") = "Unity.TextMeshPro.Editor", "Unity.TextMeshPro.Editor.csproj", "{243e8c08-d6bc-9118-cfb8-ccdd03d26965}"
EndProject
Project("{FAE04EC0-301F-11D3-BF4B-00C04F79EFBC}") = "Unity.CollabProxy.Editor", "Unity.CollabProxy.Editor.csproj", "{b97e083f-1831-aa10-b614-b7d31b149ee8}"
EndProject
Project("{FAE04EC0-301F-11D3-BF4B-00C04F79EFBC}") = "Unity.Rider.Editor", "Unity.Rider.Editor.csproj", "{1cfc003d-8ee2-c0e3-7a04-19a873521ab4}"
EndProject
Project("{FAE04EC0-301F-11D3-BF4B-00C04F79EFBC}") = "Unity.PackageManagerUI.Develop.Editor", "Unity.PackageManagerUI.Develop.Editor.csproj", "{6516fba6-fdbb-23d7-da78-4af88fff2497}"
EndProject
Project("{FAE04EC0-301F-11D3-BF4B-00C04F79EFBC}") = "Unity.PackageValidationSuite.Editor.Extension", "Unity.PackageValidationSuite.Editor.Extension.csproj", "{2c9916aa-c4b2-245e-4e6b-db1dfb8fe6fe}"
EndProject
Project("{FAE04EC0-301F-11D3-BF4B-00C04F79EFBC}") = "Assembly-CSharp-Editor", "Assembly-CSharp-Editor.csproj", "{1ede42ba-bbf7-86ee-e4d8-a63e3b3f5f48}"
EndProject
Project("{FAE04EC0-301F-11D3-BF4B-00C04F79EFBC}") = "Unity.VSCode.Editor", "Unity.VSCode.Editor.csproj", "{c2d5387f-bb2f-7903-a855-3164ea38de58}"
EndProject
Global
	GlobalSection(SolutionConfigurationPlatforms) = preSolution
		Debug|Any CPU = Debug|Any CPU
	EndGlobalSection
	GlobalSection(ProjectConfigurationPlatforms) = postSolution
		{f33da24d-18bd-d795-457a-9f548f4b78a6}.Debug|Any CPU.ActiveCfg = Debug|Any CPU
		{f33da24d-18bd-d795-457a-9f548f4b78a6}.Debug|Any CPU.Build.0 = Debug|Any CPU
		{4cf08ff7-b95e-26ac-4abf-528d5bf75b4b}.Debug|Any CPU.ActiveCfg = Debug|Any CPU
		{4cf08ff7-b95e-26ac-4abf-528d5bf75b4b}.Debug|Any CPU.Build.0 = Debug|Any CPU
		{181b98b3-cc0d-fdfd-1912-b65963ee00d0}.Debug|Any CPU.ActiveCfg = Debug|Any CPU
		{181b98b3-cc0d-fdfd-1912-b65963ee00d0}.Debug|Any CPU.Build.0 = Debug|Any CPU
		{37a92c07-07fd-ef26-b536-ba9b5d796b48}.Debug|Any CPU.ActiveCfg = Debug|Any CPU
		{37a92c07-07fd-ef26-b536-ba9b5d796b48}.Debug|Any CPU.Build.0 = Debug|Any CPU
		{c091622f-173d-a2c6-a35e-8d2ab4123b8f}.Debug|Any CPU.ActiveCfg = Debug|Any CPU
		{c091622f-173d-a2c6-a35e-8d2ab4123b8f}.Debug|Any CPU.Build.0 = Debug|Any CPU
		{1eb5ac34-2d1a-c3a2-ee00-f141731a51e7}.Debug|Any CPU.ActiveCfg = Debug|Any CPU
		{1eb5ac34-2d1a-c3a2-ee00-f141731a51e7}.Debug|Any CPU.Build.0 = Debug|Any CPU
		{6301e791-8b90-03a1-746b-2e6366bc2d14}.Debug|Any CPU.ActiveCfg = Debug|Any CPU
		{6301e791-8b90-03a1-746b-2e6366bc2d14}.Debug|Any CPU.Build.0 = Debug|Any CPU
		{17a1ba6e-0387-d25a-f081-665e7fe04877}.Debug|Any CPU.ActiveCfg = Debug|Any CPU
		{17a1ba6e-0387-d25a-f081-665e7fe04877}.Debug|Any CPU.Build.0 = Debug|Any CPU
		{d85fd672-71e8-2302-ee67-2963c446deae}.Debug|Any CPU.ActiveCfg = Debug|Any CPU
		{d85fd672-71e8-2302-ee67-2963c446deae}.Debug|Any CPU.Build.0 = Debug|Any CPU
		{06b1ca4c-2971-cdb3-714b-3c13ef4288e4}.Debug|Any CPU.ActiveCfg = Debug|Any CPU
		{06b1ca4c-2971-cdb3-714b-3c13ef4288e4}.Debug|Any CPU.Build.0 = Debug|Any CPU
		{833ec846-45f5-b65a-fc39-bba8c0fb1874}.Debug|Any CPU.ActiveCfg = Debug|Any CPU
		{833ec846-45f5-b65a-fc39-bba8c0fb1874}.Debug|Any CPU.Build.0 = Debug|Any CPU
		{243e8c08-d6bc-9118-cfb8-ccdd03d26965}.Debug|Any CPU.ActiveCfg = Debug|Any CPU
		{243e8c08-d6bc-9118-cfb8-ccdd03d26965}.Debug|Any CPU.Build.0 = Debug|Any CPU
		{b97e083f-1831-aa10-b614-b7d31b149ee8}.Debug|Any CPU.ActiveCfg = Debug|Any CPU
		{b97e083f-1831-aa10-b614-b7d31b149ee8}.Debug|Any CPU.Build.0 = Debug|Any CPU
		{1cfc003d-8ee2-c0e3-7a04-19a873521ab4}.Debug|Any CPU.ActiveCfg = Debug|Any CPU
		{1cfc003d-8ee2-c0e3-7a04-19a873521ab4}.Debug|Any CPU.Build.0 = Debug|Any CPU
		{6516fba6-fdbb-23d7-da78-4af88fff2497}.Debug|Any CPU.ActiveCfg = Debug|Any CPU
		{6516fba6-fdbb-23d7-da78-4af88fff2497}.Debug|Any CPU.Build.0 = Debug|Any CPU
		{2c9916aa-c4b2-245e-4e6b-db1dfb8fe6fe}.Debug|Any CPU.ActiveCfg = Debug|Any CPU
		{2c9916aa-c4b2-245e-4e6b-db1dfb8fe6fe}.Debug|Any CPU.Build.0 = Debug|Any CPU
		{1ede42ba-bbf7-86ee-e4d8-a63e3b3f5f48}.Debug|Any CPU.ActiveCfg = Debug|Any CPU
		{1ede42ba-bbf7-86ee-e4d8-a63e3b3f5f48}.Debug|Any CPU.Build.0 = Debug|Any CPU
		{c2d5387f-bb2f-7903-a855-3164ea38de58}.Debug|Any CPU.ActiveCfg = Debug|Any CPU
		{c2d5387f-bb2f-7903-a855-3164ea38de58}.Debug|Any CPU.Build.0 = Debug|Any CPU
	EndGlobalSection
	GlobalSection(SolutionProperties) = preSolution
		HideSolutionNode = FALSE
	EndGlobalSection
EndGlobal
